PODS:
  - Alamofire (5.6.4)
  - Nimble (12.0.0)
  - Quick (6.1.0)
  - SnapKit (5.6.0)
  - SnapshotTesting (1.8.2)
  - SwiftGen (6.6.2)
  - SwiftLint (0.51.0)

DEPENDENCIES:
  - Alamofire
  - Nimble
  - Quick
  - SnapKit
  - SnapshotTesting (~> 1.8.1)
  - SwiftGen (~> 6.0)
  - SwiftLint

SPEC REPOS:
  trunk:
    - Alamofire
    - Nimble
    - Quick
    - SnapKit
    - SnapshotTesting
    - SwiftGen
    - SwiftLint

SPEC CHECKSUMS:
  Alamofire: 4e95d97098eacb88856099c4fc79b526a299e48c
  Nimble: 02a4990866e51868303a466970cd1c81bb84a192
  Quick: 6676ffb409bf04abba2ff23902af2407bfc6ac90
  SnapKit: e01d52ebb8ddbc333eefe2132acf85c8227d9c25
  SnapshotTesting: 38947050d13960d57a4a9c166fcf51bca7d56970
  SwiftGen: 1366a7f71aeef49954ca5a63ba4bef6b0f24138c
  SwiftLint: 1b7561918a19e23bfed960e40759086e70f4dba5

PODFILE CHECKSUM: b25f972a3f2e13ebadb90738aafa98df7ae69d12

COCOAPODS: 1.12.1
